
Microsoft Visual Studio Solution File, Format Version 12.00
# Visual Studio Version 16
VisualStudioVersion = 16.0.34031.81
MinimumVisualStudioVersion = 10.0.40219.1
Project("{FAE04EC0-301F-11D3-BF4B-00C04F79EFBC}") = "Klient", "Klient\Klient.csproj", "{82D73F74-CC0C-42AE-851D-B77B4F4E62EC}"
EndProject
Global
	GlobalSection(SolutionConfigurationPlatforms) = preSolution
		Debug|Any CPU = Debug|Any CPU
		Release|Any CPU = Release|Any CPU
	EndGlobalSection
	GlobalSection(ProjectConfigurationPlatforms) = postSolution
		{82D73F74-CC0C-42AE-851D-B77B4F4E62EC}.Debug|Any CPU.ActiveCfg = Debug|Any CPU
		{82D73F74-CC0C-42AE-851D-B77B4F4E62EC}.Debug|Any CPU.Build.0 = Debug|Any CPU
		{82D73F74-CC0C-42AE-851D-B77B4F4E62EC}.Release|Any CPU.ActiveCfg = Release|Any CPU
		{82D73F74-CC0C-42AE-851D-B77B4F4E62EC}.Release|Any CPU.Build.0 = Release|Any CPU
	EndGlobalSection
	GlobalSection(SolutionProperties) = preSolution
		HideSolutionNode = FALSE
	EndGlobalSection
	GlobalSection(ExtensibilityGlobals) = postSolution
		SolutionGuid = {4F807B09-3D85-4C66-B181-7047EDFBC477}
	EndGlobalSection
EndGlobal
